// !$*UTF8*$!
{
	archiveVersion = 1;
	classes = {
	};
	objectVersion = 52;
	objects = {

/* Begin PBXBuildFile section */
		56DE712626C036570059BD7E /* AnxietyLifterApp.swift in Sources */ = {isa = PBXBuildFile; fileRef = 56DE712526C036570059BD7E /* AnxietyLifterApp.swift */; };
		56DE712826C036570059BD7E /* MainView.swift in Sources */ = {isa = PBXBuildFile; fileRef = 56DE712726C036570059BD7E /* MainView.swift */; };
		56DE712A26C036580059BD7E /* Assets.xcassets in Resources */ = {isa = PBXBuildFile; fileRef = 56DE712926C036580059BD7E /* Assets.xcassets */; };
		56DE712D26C036580059BD7E /* Preview Assets.xcassets in Resources */ = {isa = PBXBuildFile; fileRef = 56DE712C26C036580059BD7E /* Preview Assets.xcassets */; };
		56DE713D26C040A80059BD7E /* MainViewModel.swift in Sources */ = {isa = PBXBuildFile; fileRef = 56DE713C26C040A80059BD7E /* MainViewModel.swift */; };
		56DE714826C045190059BD7E /* WidgetKit.framework in Frameworks */ = {isa = PBXBuildFile; fileRef = 56DE714726C045190059BD7E /* WidgetKit.framework */; };
		56DE714A26C045190059BD7E /* SwiftUI.framework in Frameworks */ = {isa = PBXBuildFile; fileRef = 56DE714926C045190059BD7E /* SwiftUI.framework */; };
		56DE714D26C045190059BD7E /* AnxietyLifterWidget.swift in Sources */ = {isa = PBXBuildFile; fileRef = 56DE714C26C045190059BD7E /* AnxietyLifterWidget.swift */; };
		56DE715026C045190059BD7E /* Assets.xcassets in Resources */ = {isa = PBXBuildFile; fileRef = 56DE714F26C045190059BD7E /* Assets.xcassets */; };
		56DE715226C045190059BD7E /* AnxietyLifterWidget.intentdefinition in Sources */ = {isa = PBXBuildFile; fileRef = 56DE714E26C045190059BD7E /* AnxietyLifterWidget.intentdefinition */; };
		56DE715326C045190059BD7E /* AnxietyLifterWidget.intentdefinition in Sources */ = {isa = PBXBuildFile; fileRef = 56DE714E26C045190059BD7E /* AnxietyLifterWidget.intentdefinition */; };
		56DE715626C045190059BD7E /* AnxietyLifterWidgetExtension.appex in Embed App Extensions */ = {isa = PBXBuildFile; fileRef = 56DE714526C045190059BD7E /* AnxietyLifterWidgetExtension.appex */; settings = {ATTRIBUTES = (RemoveHeadersOnCopy, ); }; };
		56DE715D26C04A240059BD7E /* AnxietyLifterCore in Frameworks */ = {isa = PBXBuildFile; productRef = 56DE715C26C04A240059BD7E /* AnxietyLifterCore */; };
		56DE715F26C04A2F0059BD7E /* AnxietyLifterCore in Frameworks */ = {isa = PBXBuildFile; productRef = 56DE715E26C04A2F0059BD7E /* AnxietyLifterCore */; };
/* End PBXBuildFile section */

/* Begin PBXContainerItemProxy section */
		56DE715426C045190059BD7E /* PBXContainerItemProxy */ = {
			isa = PBXContainerItemProxy;
			containerPortal = 56DE711A26C036570059BD7E /* Project object */;
			proxyType = 1;
			remoteGlobalIDString = 56DE714426C045190059BD7E;
			remoteInfo = AnxietyLifterWidgetExtension;
		};
/* End PBXContainerItemProxy section */

/* Begin PBXCopyFilesBuildPhase section */
		56DE715A26C045190059BD7E /* Embed App Extensions */ = {
			isa = PBXCopyFilesBuildPhase;
			buildActionMask = 2147483647;
			dstPath = "";
			dstSubfolderSpec = 13;
			files = (
				56DE715626C045190059BD7E /* AnxietyLifterWidgetExtension.appex in Embed App Extensions */,
			);
			name = "Embed App Extensions";
			runOnlyForDeploymentPostprocessing = 0;
		};
/* End PBXCopyFilesBuildPhase section */

/* Begin PBXFileReference section */
		56DE712226C036570059BD7E /* AnxietyLifter.app */ = {isa = PBXFileReference; explicitFileType = wrapper.application; includeInIndex = 0; path = AnxietyLifter.app; sourceTree = BUILT_PRODUCTS_DIR; };
		56DE712526C036570059BD7E /* AnxietyLifterApp.swift */ = {isa = PBXFileReference; lastKnownFileType = sourcecode.swift; path = AnxietyLifterApp.swift; sourceTree = "<group>"; };
		56DE712726C036570059BD7E /* MainView.swift */ = {isa = PBXFileReference; lastKnownFileType = sourcecode.swift; path = MainView.swift; sourceTree = "<group>"; };
		56DE712926C036580059BD7E /* Assets.xcassets */ = {isa = PBXFileReference; lastKnownFileType = folder.assetcatalog; path = Assets.xcassets; sourceTree = "<group>"; };
		56DE712C26C036580059BD7E /* Preview Assets.xcassets */ = {isa = PBXFileReference; lastKnownFileType = folder.assetcatalog; path = "Preview Assets.xcassets"; sourceTree = "<group>"; };
		56DE712E26C036580059BD7E /* Info.plist */ = {isa = PBXFileReference; lastKnownFileType = text.plist.xml; path = Info.plist; sourceTree = "<group>"; };
		56DE713C26C040A80059BD7E /* MainViewModel.swift */ = {isa = PBXFileReference; lastKnownFileType = sourcecode.swift; path = MainViewModel.swift; sourceTree = "<group>"; };
		56DE714526C045190059BD7E /* AnxietyLifterWidgetExtension.appex */ = {isa = PBXFileReference; explicitFileType = "wrapper.app-extension"; includeInIndex = 0; path = AnxietyLifterWidgetExtension.appex; sourceTree = BUILT_PRODUCTS_DIR; };
		56DE714726C045190059BD7E /* WidgetKit.framework */ = {isa = PBXFileReference; lastKnownFileType = wrapper.framework; name = WidgetKit.framework; path = System/Library/Frameworks/WidgetKit.framework; sourceTree = SDKROOT; };
		56DE714926C045190059BD7E /* SwiftUI.framework */ = {isa = PBXFileReference; lastKnownFileType = wrapper.framework; name = SwiftUI.framework; path = System/Library/Frameworks/SwiftUI.framework; sourceTree = SDKROOT; };
		56DE714C26C045190059BD7E /* AnxietyLifterWidget.swift */ = {isa = PBXFileReference; lastKnownFileType = sourcecode.swift; path = AnxietyLifterWidget.swift; sourceTree = "<group>"; };
		56DE714E26C045190059BD7E /* AnxietyLifterWidget.intentdefinition */ = {isa = PBXFileReference; lastKnownFileType = file.intentdefinition; path = AnxietyLifterWidget.intentdefinition; sourceTree = "<group>"; };
		56DE714F26C045190059BD7E /* Assets.xcassets */ = {isa = PBXFileReference; lastKnownFileType = folder.assetcatalog; path = Assets.xcassets; sourceTree = "<group>"; };
		56DE715126C045190059BD7E /* Info.plist */ = {isa = PBXFileReference; lastKnownFileType = text.plist.xml; path = Info.plist; sourceTree = "<group>"; };
		56DE715B26C049C70059BD7E /* AnxietyLifterCore */ = {isa = PBXFileReference; lastKnownFileType = folder; name = AnxietyLifterCore; path = Core/AnxietyLifterCore; sourceTree = "<group>"; };
		56DE716626C085E00059BD7E /* AnxietyLifter.entitlements */ = {isa = PBXFileReference; lastKnownFileType = text.plist.entitlements; path = AnxietyLifter.entitlements; sourceTree = "<group>"; };
		56DE716726C086550059BD7E /* AnxietyLifterWidgetExtension.entitlements */ = {isa = PBXFileReference; lastKnownFileType = text.plist.entitlements; path = AnxietyLifterWidgetExtension.entitlements; sourceTree = "<group>"; };
/* End PBXFileReference section */

/* Begin PBXFrameworksBuildPhase section */
		56DE711F26C036570059BD7E /* Frameworks */ = {
			isa = PBXFrameworksBuildPhase;
			buildActionMask = 2147483647;
			files = (
				56DE715D26C04A240059BD7E /* AnxietyLifterCore in Frameworks */,
			);
			runOnlyForDeploymentPostprocessing = 0;
		};
		56DE714226C045190059BD7E /* Frameworks */ = {
			isa = PBXFrameworksBuildPhase;
			buildActionMask = 2147483647;
			files = (
				56DE714A26C045190059BD7E /* SwiftUI.framework in Frameworks */,
				56DE715F26C04A2F0059BD7E /* AnxietyLifterCore in Frameworks */,
				56DE714826C045190059BD7E /* WidgetKit.framework in Frameworks */,
			);
			runOnlyForDeploymentPostprocessing = 0;
		};
/* End PBXFrameworksBuildPhase section */

/* Begin PBXGroup section */
		56DE711926C036570059BD7E = {
			isa = PBXGroup;
			children = (
				56DE716726C086550059BD7E /* AnxietyLifterWidgetExtension.entitlements */,
				56DE715B26C049C70059BD7E /* AnxietyLifterCore */,
				56DE712426C036570059BD7E /* AnxietyLifter */,
				56DE714B26C045190059BD7E /* AnxietyLifterWidget */,
				56DE714626C045190059BD7E /* Frameworks */,
				56DE712326C036570059BD7E /* Products */,
			);
			sourceTree = "<group>";
		};
		56DE712326C036570059BD7E /* Products */ = {
			isa = PBXGroup;
			children = (
				56DE712226C036570059BD7E /* AnxietyLifter.app */,
				56DE714526C045190059BD7E /* AnxietyLifterWidgetExtension.appex */,
			);
			name = Products;
			sourceTree = "<group>";
		};
		56DE712426C036570059BD7E /* AnxietyLifter */ = {
			isa = PBXGroup;
			children = (
				56DE716626C085E00059BD7E /* AnxietyLifter.entitlements */,
				56DE713B26C040940059BD7E /* Scenes */,
				56DE712526C036570059BD7E /* AnxietyLifterApp.swift */,
				56DE712926C036580059BD7E /* Assets.xcassets */,
				56DE712E26C036580059BD7E /* Info.plist */,
				56DE712B26C036580059BD7E /* Preview Content */,
			);
			path = AnxietyLifter;
			sourceTree = "<group>";
		};
		56DE712B26C036580059BD7E /* Preview Content */ = {
			isa = PBXGroup;
			children = (
				56DE712C26C036580059BD7E /* Preview Assets.xcassets */,
			);
			path = "Preview Content";
			sourceTree = "<group>";
		};
		56DE713B26C040940059BD7E /* Scenes */ = {
			isa = PBXGroup;
			children = (
				56DE714026C044D10059BD7E /* Main */,
			);
			path = Scenes;
			sourceTree = "<group>";
		};
		56DE714026C044D10059BD7E /* Main */ = {
			isa = PBXGroup;
			children = (
				56DE712726C036570059BD7E /* MainView.swift */,
				56DE713C26C040A80059BD7E /* MainViewModel.swift */,
			);
			path = Main;
			sourceTree = "<group>";
		};
		56DE714626C045190059BD7E /* Frameworks */ = {
			isa = PBXGroup;
			children = (
				56DE714726C045190059BD7E /* WidgetKit.framework */,
				56DE714926C045190059BD7E /* SwiftUI.framework */,
			);
			name = Frameworks;
			sourceTree = "<group>";
		};
		56DE714B26C045190059BD7E /* AnxietyLifterWidget */ = {
			isa = PBXGroup;
			children = (
				56DE714C26C045190059BD7E /* AnxietyLifterWidget.swift */,
				56DE714E26C045190059BD7E /* AnxietyLifterWidget.intentdefinition */,
				56DE714F26C045190059BD7E /* Assets.xcassets */,
				56DE715126C045190059BD7E /* Info.plist */,
			);
			path = AnxietyLifterWidget;
			sourceTree = "<group>";
		};
/* End PBXGroup section */

/* Begin PBXNativeTarget section */
		56DE712126C036570059BD7E /* AnxietyLifter */ = {
			isa = PBXNativeTarget;
			buildConfigurationList = 56DE713126C036580059BD7E /* Build configuration list for PBXNativeTarget "AnxietyLifter" */;
			buildPhases = (
				56DE711E26C036570059BD7E /* Sources */,
				56DE711F26C036570059BD7E /* Frameworks */,
				56DE712026C036570059BD7E /* Resources */,
				56DE715A26C045190059BD7E /* Embed App Extensions */,
			);
			buildRules = (
			);
			dependencies = (
				56DE715526C045190059BD7E /* PBXTargetDependency */,
			);
			name = AnxietyLifter;
			packageProductDependencies = (
				56DE715C26C04A240059BD7E /* AnxietyLifterCore */,
			);
			productName = AnxietyLifter;
			productReference = 56DE712226C036570059BD7E /* AnxietyLifter.app */;
			productType = "com.apple.product-type.application";
		};
		56DE714426C045190059BD7E /* AnxietyLifterWidgetExtension */ = {
			isa = PBXNativeTarget;
			buildConfigurationList = 56DE715726C045190059BD7E /* Build configuration list for PBXNativeTarget "AnxietyLifterWidgetExtension" */;
			buildPhases = (
				56DE714126C045190059BD7E /* Sources */,
				56DE714226C045190059BD7E /* Frameworks */,
				56DE714326C045190059BD7E /* Resources */,
			);
			buildRules = (
			);
			dependencies = (
			);
			name = AnxietyLifterWidgetExtension;
			packageProductDependencies = (
				56DE715E26C04A2F0059BD7E /* AnxietyLifterCore */,
			);
			productName = AnxietyLifterWidgetExtension;
			productReference = 56DE714526C045190059BD7E /* AnxietyLifterWidgetExtension.appex */;
			productType = "com.apple.product-type.app-extension";
		};
/* End PBXNativeTarget section */

/* Begin PBXProject section */
		56DE711A26C036570059BD7E /* Project object */ = {
			isa = PBXProject;
			attributes = {
				LastSwiftUpdateCheck = 1250;
				LastUpgradeCheck = 1250;
				TargetAttributes = {
					56DE712126C036570059BD7E = {
						CreatedOnToolsVersion = 12.5.1;
					};
					56DE714426C045190059BD7E = {
						CreatedOnToolsVersion = 12.5.1;
					};
				};
			};
			buildConfigurationList = 56DE711D26C036570059BD7E /* Build configuration list for PBXProject "AnxietyLifter" */;
			compatibilityVersion = "Xcode 9.3";
			developmentRegion = en;
			hasScannedForEncodings = 0;
			knownRegions = (
				en,
				Base,
			);
			mainGroup = 56DE711926C036570059BD7E;
			productRefGroup = 56DE712326C036570059BD7E /* Products */;
			projectDirPath = "";
			projectRoot = "";
			targets = (
				56DE712126C036570059BD7E /* AnxietyLifter */,
				56DE714426C045190059BD7E /* AnxietyLifterWidgetExtension */,
			);
		};
/* End PBXProject section */

/* Begin PBXResourcesBuildPhase section */
		56DE712026C036570059BD7E /* Resources */ = {
			isa = PBXResourcesBuildPhase;
			buildActionMask = 2147483647;
			files = (
				56DE712D26C036580059BD7E /* Preview Assets.xcassets in Resources */,
				56DE712A26C036580059BD7E /* Assets.xcassets in Resources */,
			);
			runOnlyForDeploymentPostprocessing = 0;
		};
		56DE714326C045190059BD7E /* Resources */ = {
			isa = PBXResourcesBuildPhase;
			buildActionMask = 2147483647;
			files = (
				56DE715026C045190059BD7E /* Assets.xcassets in Resources */,
			);
			runOnlyForDeploymentPostprocessing = 0;
		};
/* End PBXResourcesBuildPhase section */

/* Begin PBXSourcesBuildPhase section */
		56DE711E26C036570059BD7E /* Sources */ = {
			isa = PBXSourcesBuildPhase;
			buildActionMask = 2147483647;
			files = (
				56DE713D26C040A80059BD7E /* MainViewModel.swift in Sources */,
				56DE712826C036570059BD7E /* MainView.swift in Sources */,
				56DE712626C036570059BD7E /* AnxietyLifterApp.swift in Sources */,
				56DE715326C045190059BD7E /* AnxietyLifterWidget.intentdefinition in Sources */,
			);
			runOnlyForDeploymentPostprocessing = 0;
		};
		56DE714126C045190059BD7E /* Sources */ = {
			isa = PBXSourcesBuildPhase;
			buildActionMask = 2147483647;
			files = (
				56DE714D26C045190059BD7E /* AnxietyLifterWidget.swift in Sources */,
				56DE715226C045190059BD7E /* AnxietyLifterWidget.intentdefinition in Sources */,
			);
			runOnlyForDeploymentPostprocessing = 0;
		};
/* End PBXSourcesBuildPhase section */

/* Begin PBXTargetDependency section */
		56DE715526C045190059BD7E /* PBXTargetDependency */ = {
			isa = PBXTargetDependency;
			target = 56DE714426C045190059BD7E /* AnxietyLifterWidgetExtension */;
			targetProxy = 56DE715426C045190059BD7E /* PBXContainerItemProxy */;
		};
/* End PBXTargetDependency section */

/* Begin XCBuildConfiguration section */
		56DE712F26C036580059BD7E /* Debug */ = {
			isa = XCBuildConfiguration;
			buildSettings = {
				ALWAYS_SEARCH_USER_PATHS = NO;
				CLANG_ANALYZER_NONNULL = YES;
				CLANG_ANALYZER_NUMBER_OBJECT_CONVERSION = YES_AGGRESSIVE;
				CLANG_CXX_LANGUAGE_STANDARD = "gnu++14";
				CLANG_CXX_LIBRARY = "libc++";
				CLANG_ENABLE_MODULES = YES;
				CLANG_ENABLE_OBJC_ARC = YES;
				CLANG_ENABLE_OBJC_WEAK = YES;
				CLANG_WARN_BLOCK_CAPTURE_AUTORELEASING = YES;
				CLANG_WARN_BOOL_CONVERSION = YES;
				CLANG_WARN_COMMA = YES;
				CLANG_WARN_CONSTANT_CONVERSION = YES;
				CLANG_WARN_DEPRECATED_OBJC_IMPLEMENTATIONS = YES;
				CLANG_WARN_DIRECT_OBJC_ISA_USAGE = YES_ERROR;
				CLANG_WARN_DOCUMENTATION_COMMENTS = YES;
				CLANG_WARN_EMPTY_BODY = YES;
				CLANG_WARN_ENUM_CONVERSION = YES;
				CLANG_WARN_INFINITE_RECURSION = YES;
				CLANG_WARN_INT_CONVERSION = YES;
				CLANG_WARN_NON_LITERAL_NULL_CONVERSION = YES;
				CLANG_WARN_OBJC_IMPLICIT_RETAIN_SELF = YES;
				CLANG_WARN_OBJC_LITERAL_CONVERSION = YES;
				CLANG_WARN_OBJC_ROOT_CLASS = YES_ERROR;
				CLANG_WARN_QUOTED_INCLUDE_IN_FRAMEWORK_HEADER = YES;
				CLANG_WARN_RANGE_LOOP_ANALYSIS = YES;
				CLANG_WARN_STRICT_PROTOTYPES = YES;
				CLANG_WARN_SUSPICIOUS_MOVE = YES;
				CLANG_WARN_UNGUARDED_AVAILABILITY = YES_AGGRESSIVE;
				CLANG_WARN_UNREACHABLE_CODE = YES;
				CLANG_WARN__DUPLICATE_METHOD_MATCH = YES;
				COPY_PHASE_STRIP = NO;
				DEBUG_INFORMATION_FORMAT = dwarf;
				ENABLE_STRICT_OBJC_MSGSEND = YES;
				ENABLE_TESTABILITY = YES;
				GCC_C_LANGUAGE_STANDARD = gnu11;
				GCC_DYNAMIC_NO_PIC = NO;
				GCC_NO_COMMON_BLOCKS = YES;
				GCC_OPTIMIZATION_LEVEL = 0;
				GCC_PREPROCESSOR_DEFINITIONS = (
					"DEBUG=1",
					"$(inherited)",
				);
				GCC_WARN_64_TO_32_BIT_CONVERSION = YES;
				GCC_WARN_ABOUT_RETURN_TYPE = YES_ERROR;
				GCC_WARN_UNDECLARED_SELECTOR = YES;
				GCC_WARN_UNINITIALIZED_AUTOS = YES_AGGRESSIVE;
				GCC_WARN_UNUSED_FUNCTION = YES;
				GCC_WARN_UNUSED_VARIABLE = YES;
				IPHONEOS_DEPLOYMENT_TARGET = 14.5;
				MTL_ENABLE_DEBUG_INFO = INCLUDE_SOURCE;
				MTL_FAST_MATH = YES;
				ONLY_ACTIVE_ARCH = YES;
				SDKROOT = iphoneos;
				SWIFT_ACTIVE_COMPILATION_CONDITIONS = DEBUG;
				SWIFT_OPTIMIZATION_LEVEL = "-Onone";
			};
			name = Debug;
		};
		56DE713026C036580059BD7E /* Release */ = {
			isa = XCBuildConfiguration;
			buildSettings = {
				ALWAYS_SEARCH_USER_PATHS = NO;
				CLANG_ANALYZER_NONNULL = YES;
				CLANG_ANALYZER_NUMBER_OBJECT_CONVERSION = YES_AGGRESSIVE;
				CLANG_CXX_LANGUAGE_STANDARD = "gnu++14";
				CLANG_CXX_LIBRARY = "libc++";
				CLANG_ENABLE_MODULES = YES;
				CLANG_ENABLE_OBJC_ARC = YES;
				CLANG_ENABLE_OBJC_WEAK = YES;
				CLANG_WARN_BLOCK_CAPTURE_AUTORELEASING = YES;
				CLANG_WARN_BOOL_CONVERSION = YES;
				CLANG_WARN_COMMA = YES;
				CLANG_WARN_CONSTANT_CONVERSION = YES;
				CLANG_WARN_DEPRECATED_OBJC_IMPLEMENTATIONS = YES;
				CLANG_WARN_DIRECT_OBJC_ISA_USAGE = YES_ERROR;
				CLANG_WARN_DOCUMENTATION_COMMENTS = YES;
				CLANG_WARN_EMPTY_BODY = YES;
				CLANG_WARN_ENUM_CONVERSION = YES;
				CLANG_WARN_INFINITE_RECURSION = YES;
				CLANG_WARN_INT_CONVERSION = YES;
				CLANG_WARN_NON_LITERAL_NULL_CONVERSION = YES;
				CLANG_WARN_OBJC_IMPLICIT_RETAIN_SELF = YES;
				CLANG_WARN_OBJC_LITERAL_CONVERSION = YES;
				CLANG_WARN_OBJC_ROOT_CLASS = YES_ERROR;
				CLANG_WARN_QUOTED_INCLUDE_IN_FRAMEWORK_HEADER = YES;
				CLANG_WARN_RANGE_LOOP_ANALYSIS = YES;
				CLANG_WARN_STRICT_PROTOTYPES = YES;
				CLANG_WARN_SUSPICIOUS_MOVE = YES;
				CLANG_WARN_UNGUARDED_AVAILABILITY = YES_AGGRESSIVE;
				CLANG_WARN_UNREACHABLE_CODE = YES;
				CLANG_WARN__DUPLICATE_METHOD_MATCH = YES;
				COPY_PHASE_STRIP = NO;
				DEBUG_INFORMATION_FORMAT = "dwarf-with-dsym";
				ENABLE_NS_ASSERTIONS = NO;
				ENABLE_STRICT_OBJC_MSGSEND = YES;
				GCC_C_LANGUAGE_STANDARD = gnu11;
				GCC_NO_COMMON_BLOCKS = YES;
				GCC_WARN_64_TO_32_BIT_CONVERSION = YES;
				GCC_WARN_ABOUT_RETURN_TYPE = YES_ERROR;
				GCC_WARN_UNDECLARED_SELECTOR = YES;
				GCC_WARN_UNINITIALIZED_AUTOS = YES_AGGRESSIVE;
				GCC_WARN_UNUSED_FUNCTION = YES;
				GCC_WARN_UNUSED_VARIABLE = YES;
				IPHONEOS_DEPLOYMENT_TARGET = 14.5;
				MTL_ENABLE_DEBUG_INFO = NO;
				MTL_FAST_MATH = YES;
				SDKROOT = iphoneos;
				SWIFT_COMPILATION_MODE = wholemodule;
				SWIFT_OPTIMIZATION_LEVEL = "-O";
				VALIDATE_PRODUCT = YES;
			};
			name = Release;
		};
		56DE713226C036580059BD7E /* Debug */ = {
			isa = XCBuildConfiguration;
			buildSettings = {
				ALWAYS_EMBED_SWIFT_STANDARD_LIBRARIES = YES;
				ASSETCATALOG_COMPILER_APPICON_NAME = AppIcon;
				ASSETCATALOG_COMPILER_GLOBAL_ACCENT_COLOR_NAME = AccentColor;
				CODE_SIGN_ENTITLEMENTS = AnxietyLifter/AnxietyLifter.entitlements;
				CODE_SIGN_STYLE = Automatic;
				DEVELOPMENT_ASSET_PATHS = "\"AnxietyLifter/Preview Content\"";
				DEVELOPMENT_TEAM = E45L9XJM5K;
				ENABLE_PREVIEWS = YES;
				INFOPLIST_FILE = AnxietyLifter/Info.plist;
				IPHONEOS_DEPLOYMENT_TARGET = 14.0;
				LD_RUNPATH_SEARCH_PATHS = (
					"$(inherited)",
					"@executable_path/Frameworks",
				);
				PRODUCT_BUNDLE_IDENTIFIER = land.josh.AnxietyLifter;
				PRODUCT_NAME = "$(TARGET_NAME)";
				SWIFT_VERSION = 5.0;
				TARGETED_DEVICE_FAMILY = "1,2";
			};
			name = Debug;
		};
		56DE713326C036580059BD7E /* Release */ = {
			isa = XCBuildConfiguration;
			buildSettings = {
				ALWAYS_EMBED_SWIFT_STANDARD_LIBRARIES = YES;
				ASSETCATALOG_COMPILER_APPICON_NAME = AppIcon;
				ASSETCATALOG_COMPILER_GLOBAL_ACCENT_COLOR_NAME = AccentColor;
				CODE_SIGN_ENTITLEMENTS = AnxietyLifter/AnxietyLifter.entitlements;
				CODE_SIGN_STYLE = Automatic;
				DEVELOPMENT_ASSET_PATHS = "\"AnxietyLifter/Preview Content\"";
				DEVELOPMENT_TEAM = E45L9XJM5K;
				ENABLE_PREVIEWS = YES;
				INFOPLIST_FILE = AnxietyLifter/Info.plist;
				IPHONEOS_DEPLOYMENT_TARGET = 14.0;
				LD_RUNPATH_SEARCH_PATHS = (
					"$(inherited)",
					"@executable_path/Frameworks",
				);
				PRODUCT_BUNDLE_IDENTIFIER = land.josh.AnxietyLifter;
				PRODUCT_NAME = "$(TARGET_NAME)";
				SWIFT_VERSION = 5.0;
				TARGETED_DEVICE_FAMILY = "1,2";
			};
			name = Release;
		};
		56DE715826C045190059BD7E /* Debug */ = {
			isa = XCBuildConfiguration;
			buildSettings = {
				ASSETCATALOG_COMPILER_GLOBAL_ACCENT_COLOR_NAME = AccentColor;
				ASSETCATALOG_COMPILER_WIDGET_BACKGROUND_COLOR_NAME = WidgetBackground;
				CODE_SIGN_ENTITLEMENTS = AnxietyLifterWidgetExtension.entitlements;
				CODE_SIGN_STYLE = Automatic;
				DEVELOPMENT_TEAM = E45L9XJM5K;
				INFOPLIST_FILE = AnxietyLifterWidget/Info.plist;
				LD_RUNPATH_SEARCH_PATHS = (
					"$(inherited)",
					"@executable_path/Frameworks",
					"@executable_path/../../Frameworks",
				);
				PRODUCT_BUNDLE_IDENTIFIER = land.josh.AnxietyLifter.Widget;
				PRODUCT_NAME = "$(TARGET_NAME)";
				SKIP_INSTALL = YES;
				SWIFT_VERSION = 5.0;
				TARGETED_DEVICE_FAMILY = "1,2";
			};
			name = Debug;
		};
		56DE715926C045190059BD7E /* Release */ = {
			isa = XCBuildConfiguration;
			buildSettings = {
				ASSETCATALOG_COMPILER_GLOBAL_ACCENT_COLOR_NAME = AccentColor;
				ASSETCATALOG_COMPILER_WIDGET_BACKGROUND_COLOR_NAME = WidgetBackground;
				CODE_SIGN_ENTITLEMENTS = AnxietyLifterWidgetExtension.entitlements;
				CODE_SIGN_STYLE = Automatic;
				DEVELOPMENT_TEAM = E45L9XJM5K;
				INFOPLIST_FILE = AnxietyLifterWidget/Info.plist;
				LD_RUNPATH_SEARCH_PATHS = (
					"$(inherited)",
					"@executable_path/Frameworks",
					"@executable_path/../../Frameworks",
				);
				PRODUCT_BUNDLE_IDENTIFIER = land.josh.AnxietyLifter.Widget;
				PRODUCT_NAME = "$(TARGET_NAME)";
				SKIP_INSTALL = YES;
				SWIFT_VERSION = 5.0;
				TARGETED_DEVICE_FAMILY = "1,2";
			};
			name = Release;
		};
/* End XCBuildConfiguration section */

/* Begin XCConfigurationList section */
		56DE711D26C036570059BD7E /* Build configuration list for PBXProject "AnxietyLifter" */ = {
			isa = XCConfigurationList;
			buildConfigurations = (
				56DE712F26C036580059BD7E /* Debug */,
				56DE713026C036580059BD7E /* Release */,
			);
			defaultConfigurationIsVisible = 0;
			defaultConfigurationName = Release;
		};
		56DE713126C036580059BD7E /* Build configuration list for PBXNativeTarget "AnxietyLifter" */ = {
			isa = XCConfigurationList;
			buildConfigurations = (
				56DE713226C036580059BD7E /* Debug */,
				56DE713326C036580059BD7E /* Release */,
			);
			defaultConfigurationIsVisible = 0;
			defaultConfigurationName = Release;
		};
		56DE715726C045190059BD7E /* Build configuration list for PBXNativeTarget "AnxietyLifterWidgetExtension" */ = {
			isa = XCConfigurationList;
			buildConfigurations = (
				56DE715826C045190059BD7E /* Debug */,
				56DE715926C045190059BD7E /* Release */,
			);
			defaultConfigurationIsVisible = 0;
			defaultConfigurationName = Release;
		};
/* End XCConfigurationList section */

/* Begin XCSwiftPackageProductDependency section */
		56DE715C26C04A240059BD7E /* AnxietyLifterCore */ = {
			isa = XCSwiftPackageProductDependency;
			productName = AnxietyLifterCore;
		};
		56DE715E26C04A2F0059BD7E /* AnxietyLifterCore */ = {
			isa = XCSwiftPackageProductDependency;
			productName = AnxietyLifterCore;
		};
/* End XCSwiftPackageProductDependency section */
	};
	rootObject = 56DE711A26C036570059BD7E /* Project object */;
}
